# THIS IS AN AUTOGENERATED FILE. DO NOT EDIT THIS FILE DIRECTLY.
# yarn lockfile v1


"@react-sigma/core@^3.4.0":
  version "3.4.0"
  resolved "https://registry.yarnpkg.com/@react-sigma/core/-/core-3.4.0.tgz#6da4b09d823b3520feb5948d6ca195843b770b8b"
  integrity sha512-IfP3tMqYHgdrTG4Pc3xqAb8xqwScMjQfhAfLt1yGNiBPaFuunxGOmDEZ8Q6/DQMqkkTksxq4C30W3C7aRC42Tg==
